
Microsoft Visual Studio Solution File, Format Version 12.00
# Visual Studio 15
Project("{FAE04EC0-301F-11D3-BF4B-00C04F79EFBC}") = "VRMShaders.GLTF.IO.Editor", "VRMShaders.GLTF.IO.Editor.csproj", "{ECC02187-B452-C53B-9E13-4FBB43D6325B}"
EndProject
Project("{FAE04EC0-301F-11D3-BF4B-00C04F79EFBC}") = "VRMShaders.GLTF.IO.Runtime", "VRMShaders.GLTF.IO.Runtime.csproj", "{72EF2C3E-6E25-98F8-63CC-77AAB867B3B5}"
EndProject
Project("{FAE04EC0-301F-11D3-BF4B-00C04F79EFBC}") = "VRMShaders.GLTF.IO.Tests", "VRMShaders.GLTF.IO.Tests.csproj", "{4EB74D84-685B-2B11-8D48-E89FE04C04DA}"
EndProject
Project("{FAE04EC0-301F-11D3-BF4B-00C04F79EFBC}") = "VRMShaders.VRM10.MToon10.Runtime", "VRMShaders.VRM10.MToon10.Runtime.csproj", "{D84101AA-1CFA-2AF4-1D0E-1F8DF257E137}"
EndProject
Project("{FAE04EC0-301F-11D3-BF4B-00C04F79EFBC}") = "MToon", "MToon.csproj", "{5DAFB2F1-AB35-D830-2B95-9F477CC07867}"
EndProject
Project("{FAE04EC0-301F-11D3-BF4B-00C04F79EFBC}") = "UMotionSourceApplication", "UMotionSourceApplication.csproj", "{B52646B7-AE6A-8A98-80CA-5E69660437C0}"
EndProject
Project("{FAE04EC0-301F-11D3-BF4B-00C04F79EFBC}") = "Assembly-CSharp", "Assembly-CSharp.csproj", "{CCC463EA-8A4A-76C9-54D5-05BC9411A3B0}"
EndProject
Project("{FAE04EC0-301F-11D3-BF4B-00C04F79EFBC}") = "UMotionSourceEditor", "UMotionSourceEditor.csproj", "{99702489-5831-5739-4B23-45044C571F2F}"
EndProject
Project("{FAE04EC0-301F-11D3-BF4B-00C04F79EFBC}") = "VRMShaders.VRM10.MToon10.Tests", "VRMShaders.VRM10.MToon10.Tests.csproj", "{4407BD2A-C951-0BEF-959F-2F4A5C3CA8FE}"
EndProject
Project("{FAE04EC0-301F-11D3-BF4B-00C04F79EFBC}") = "VRMShaders.GLTF.UniUnlit.Runtime", "VRMShaders.GLTF.UniUnlit.Runtime.csproj", "{B081EECC-55CB-7429-A886-37F0976C735D}"
EndProject
Project("{FAE04EC0-301F-11D3-BF4B-00C04F79EFBC}") = "VRMShaders.VRM10.MToon10.Editor", "VRMShaders.VRM10.MToon10.Editor.csproj", "{5DBF0EDA-D623-718F-AFC6-8E4C1C6F506F}"
EndProject
Project("{FAE04EC0-301F-11D3-BF4B-00C04F79EFBC}") = "MToon.Editor", "MToon.Editor.csproj", "{2FEB2BCE-428D-1173-25F6-98070165FAE9}"
EndProject
Project("{FAE04EC0-301F-11D3-BF4B-00C04F79EFBC}") = "VRMShaders.VRM.IO.Runtime", "VRMShaders.VRM.IO.Runtime.csproj", "{F3BAA97C-39FD-6B43-3059-23EA088AC3D5}"
EndProject
Project("{FAE04EC0-301F-11D3-BF4B-00C04F79EFBC}") = "VRMShaders.GLTF.UniUnlit.Editor", "VRMShaders.GLTF.UniUnlit.Editor.csproj", "{1026E481-E8AE-9F9E-68F3-7845419F81FF}"
EndProject
Project("{FAE04EC0-301F-11D3-BF4B-00C04F79EFBC}") = "VRMShaders.VRM10.Format.Runtime", "VRMShaders.VRM10.Format.Runtime.csproj", "{CAB72451-E0A1-2FA5-ADB1-D4B51C8D0C27}"
EndProject
Project("{FAE04EC0-301F-11D3-BF4B-00C04F79EFBC}") = "Assembly-CSharp-Editor", "Assembly-CSharp-Editor.csproj", "{13238743-97D3-E0D2-D5C9-A52D9F52F055}"
EndProject
Global
	GlobalSection(SolutionConfigurationPlatforms) = preSolution
		Debug|Any CPU = Debug|Any CPU
		Release|Any CPU = Release|Any CPU
	EndGlobalSection
	GlobalSection(ProjectConfigurationPlatforms) = postSolution
		{ECC02187-B452-C53B-9E13-4FBB43D6325B}.Debug|Any CPU.ActiveCfg = Debug|Any CPU
		{ECC02187-B452-C53B-9E13-4FBB43D6325B}.Debug|Any CPU.Build.0 = Debug|Any CPU
		{ECC02187-B452-C53B-9E13-4FBB43D6325B}.Release|Any CPU.ActiveCfg = Release|Any CPU
		{ECC02187-B452-C53B-9E13-4FBB43D6325B}.Release|Any CPU.Build.0 = Release|Any CPU
		{72EF2C3E-6E25-98F8-63CC-77AAB867B3B5}.Debug|Any CPU.ActiveCfg = Debug|Any CPU
		{72EF2C3E-6E25-98F8-63CC-77AAB867B3B5}.Debug|Any CPU.Build.0 = Debug|Any CPU
		{72EF2C3E-6E25-98F8-63CC-77AAB867B3B5}.Release|Any CPU.ActiveCfg = Release|Any CPU
		{72EF2C3E-6E25-98F8-63CC-77AAB867B3B5}.Release|Any CPU.Build.0 = Release|Any CPU
		{4EB74D84-685B-2B11-8D48-E89FE04C04DA}.Debug|Any CPU.ActiveCfg = Debug|Any CPU
		{4EB74D84-685B-2B11-8D48-E89FE04C04DA}.Debug|Any CPU.Build.0 = Debug|Any CPU
		{4EB74D84-685B-2B11-8D48-E89FE04C04DA}.Release|Any CPU.ActiveCfg = Release|Any CPU
		{4EB74D84-685B-2B11-8D48-E89FE04C04DA}.Release|Any CPU.Build.0 = Release|Any CPU
		{D84101AA-1CFA-2AF4-1D0E-1F8DF257E137}.Debug|Any CPU.ActiveCfg = Debug|Any CPU
		{D84101AA-1CFA-2AF4-1D0E-1F8DF257E137}.Debug|Any CPU.Build.0 = Debug|Any CPU
		{D84101AA-1CFA-2AF4-1D0E-1F8DF257E137}.Release|Any CPU.ActiveCfg = Release|Any CPU
		{D84101AA-1CFA-2AF4-1D0E-1F8DF257E137}.Release|Any CPU.Build.0 = Release|Any CPU
		{5DAFB2F1-AB35-D830-2B95-9F477CC07867}.Debug|Any CPU.ActiveCfg = Debug|Any CPU
		{5DAFB2F1-AB35-D830-2B95-9F477CC07867}.Debug|Any CPU.Build.0 = Debug|Any CPU
		{5DAFB2F1-AB35-D830-2B95-9F477CC07867}.Release|Any CPU.ActiveCfg = Release|Any CPU
		{5DAFB2F1-AB35-D830-2B95-9F477CC07867}.Release|Any CPU.Build.0 = Release|Any CPU
		{B52646B7-AE6A-8A98-80CA-5E69660437C0}.Debug|Any CPU.ActiveCfg = Debug|Any CPU
		{B52646B7-AE6A-8A98-80CA-5E69660437C0}.Debug|Any CPU.Build.0 = Debug|Any CPU
		{B52646B7-AE6A-8A98-80CA-5E69660437C0}.Release|Any CPU.ActiveCfg = Release|Any CPU
		{B52646B7-AE6A-8A98-80CA-5E69660437C0}.Release|Any CPU.Build.0 = Release|Any CPU
		{CCC463EA-8A4A-76C9-54D5-05BC9411A3B0}.Debug|Any CPU.ActiveCfg = Debug|Any CPU
		{CCC463EA-8A4A-76C9-54D5-05BC9411A3B0}.Debug|Any CPU.Build.0 = Debug|Any CPU
		{CCC463EA-8A4A-76C9-54D5-05BC9411A3B0}.Release|Any CPU.ActiveCfg = Release|Any CPU
		{CCC463EA-8A4A-76C9-54D5-05BC9411A3B0}.Release|Any CPU.Build.0 = Release|Any CPU
		{99702489-5831-5739-4B23-45044C571F2F}.Debug|Any CPU.ActiveCfg = Debug|Any CPU
		{99702489-5831-5739-4B23-45044C571F2F}.Debug|Any CPU.Build.0 = Debug|Any CPU
		{99702489-5831-5739-4B23-45044C571F2F}.Release|Any CPU.ActiveCfg = Release|Any CPU
		{99702489-5831-5739-4B23-45044C571F2F}.Release|Any CPU.Build.0 = Release|Any CPU
		{4407BD2A-C951-0BEF-959F-2F4A5C3CA8FE}.Debug|Any CPU.ActiveCfg = Debug|Any CPU
		{4407BD2A-C951-0BEF-959F-2F4A5C3CA8FE}.Debug|Any CPU.Build.0 = Debug|Any CPU
		{4407BD2A-C951-0BEF-959F-2F4A5C3CA8FE}.Release|Any CPU.ActiveCfg = Release|Any CPU
		{4407BD2A-C951-0BEF-959F-2F4A5C3CA8FE}.Release|Any CPU.Build.0 = Release|Any CPU
		{B081EECC-55CB-7429-A886-37F0976C735D}.Debug|Any CPU.ActiveCfg = Debug|Any CPU
		{B081EECC-55CB-7429-A886-37F0976C735D}.Debug|Any CPU.Build.0 = Debug|Any CPU
		{B081EECC-55CB-7429-A886-37F0976C735D}.Release|Any CPU.ActiveCfg = Release|Any CPU
		{B081EECC-55CB-7429-A886-37F0976C735D}.Release|Any CPU.Build.0 = Release|Any CPU
		{5DBF0EDA-D623-718F-AFC6-8E4C1C6F506F}.Debug|Any CPU.ActiveCfg = Debug|Any CPU
		{5DBF0EDA-D623-718F-AFC6-8E4C1C6F506F}.Debug|Any CPU.Build.0 = Debug|Any CPU
		{5DBF0EDA-D623-718F-AFC6-8E4C1C6F506F}.Release|Any CPU.ActiveCfg = Release|Any CPU
		{5DBF0EDA-D623-718F-AFC6-8E4C1C6F506F}.Release|Any CPU.Build.0 = Release|Any CPU
		{2FEB2BCE-428D-1173-25F6-98070165FAE9}.Debug|Any CPU.ActiveCfg = Debug|Any CPU
		{2FEB2BCE-428D-1173-25F6-98070165FAE9}.Debug|Any CPU.Build.0 = Debug|Any CPU
		{2FEB2BCE-428D-1173-25F6-98070165FAE9}.Release|Any CPU.ActiveCfg = Release|Any CPU
		{2FEB2BCE-428D-1173-25F6-98070165FAE9}.Release|Any CPU.Build.0 = Release|Any CPU
		{F3BAA97C-39FD-6B43-3059-23EA088AC3D5}.Debug|Any CPU.ActiveCfg = Debug|Any CPU
		{F3BAA97C-39FD-6B43-3059-23EA088AC3D5}.Debug|Any CPU.Build.0 = Debug|Any CPU
		{F3BAA97C-39FD-6B43-3059-23EA088AC3D5}.Release|Any CPU.ActiveCfg = Release|Any CPU
		{F3BAA97C-39FD-6B43-3059-23EA088AC3D5}.Release|Any CPU.Build.0 = Release|Any CPU
		{1026E481-E8AE-9F9E-68F3-7845419F81FF}.Debug|Any CPU.ActiveCfg = Debug|Any CPU
		{1026E481-E8AE-9F9E-68F3-7845419F81FF}.Debug|Any CPU.Build.0 = Debug|Any CPU
		{1026E481-E8AE-9F9E-68F3-7845419F81FF}.Release|Any CPU.ActiveCfg = Release|Any CPU
		{1026E481-E8AE-9F9E-68F3-7845419F81FF}.Release|Any CPU.Build.0 = Release|Any CPU
		{CAB72451-E0A1-2FA5-ADB1-D4B51C8D0C27}.Debug|Any CPU.ActiveCfg = Debug|Any CPU
		{CAB72451-E0A1-2FA5-ADB1-D4B51C8D0C27}.Debug|Any CPU.Build.0 = Debug|Any CPU
		{CAB72451-E0A1-2FA5-ADB1-D4B51C8D0C27}.Release|Any CPU.ActiveCfg = Release|Any CPU
		{CAB72451-E0A1-2FA5-ADB1-D4B51C8D0C27}.Release|Any CPU.Build.0 = Release|Any CPU
		{13238743-97D3-E0D2-D5C9-A52D9F52F055}.Debug|Any CPU.ActiveCfg = Debug|Any CPU
		{13238743-97D3-E0D2-D5C9-A52D9F52F055}.Debug|Any CPU.Build.0 = Debug|Any CPU
		{13238743-97D3-E0D2-D5C9-A52D9F52F055}.Release|Any CPU.ActiveCfg = Release|Any CPU
		{13238743-97D3-E0D2-D5C9-A52D9F52F055}.Release|Any CPU.Build.0 = Release|Any CPU
	EndGlobalSection
	GlobalSection(SolutionProperties) = preSolution
		HideSolutionNode = FALSE
	EndGlobalSection
EndGlobal
